
Microsoft Visual Studio Solution File, Format Version 12.00
# Visual Studio 15
VisualStudioVersion = 15.0.26124.0
MinimumVisualStudioVersion = 15.0.26124.0
Project("{FAE04EC0-301F-11D3-BF4B-00C04F79EFBC}") = "NPCPerksWithMethods", "NPCPerksWithMethods\NPCPerksWithMethods.csproj", "{26CBC5C4-F978-4468-B979-07D05AA2D373}"
EndProject
Project("{FAE04EC0-301F-11D3-BF4B-00C04F79EFBC}") = "FamousQuotes", "FamousQuotes\FamousQuotes.csproj", "{E3E83182-DFEF-469C-9FD5-57452179A080}"
EndProject
Project("{FAE04EC0-301F-11D3-BF4B-00C04F79EFBC}") = "Exercicio1", "Exercicio1\Exercicio1.csproj", "{219F4F4D-2D62-47D4-A12A-7F799B6D9836}"
EndProject
Project("{FAE04EC0-301F-11D3-BF4B-00C04F79EFBC}") = "Exercicio2", "Exercicio2\Exercicio2.csproj", "{6206096A-1FFE-408F-9EB7-058C36192AE7}"
EndProject
Project("{FAE04EC0-301F-11D3-BF4B-00C04F79EFBC}") = "Exercicio3", "Exercicio3\Exercicio3.csproj", "{A0B1A2A1-556E-4B42-AA11-6BE2AAB4D0FD}"
EndProject
Project("{FAE04EC0-301F-11D3-BF4B-00C04F79EFBC}") = "Exercicio4", "Exercicio4\Exercicio4.csproj", "{92F11653-68F2-4115-BCCD-C4112BDAA511}"
EndProject
Project("{FAE04EC0-301F-11D3-BF4B-00C04F79EFBC}") = "Exercicio5", "Exercicio5\Exercicio5.csproj", "{0F9757E6-AFB2-4014-AA01-2D2A99E00F1C}"
EndProject
Global
	GlobalSection(SolutionConfigurationPlatforms) = preSolution
		Debug|Any CPU = Debug|Any CPU
		Debug|x64 = Debug|x64
		Debug|x86 = Debug|x86
		Release|Any CPU = Release|Any CPU
		Release|x64 = Release|x64
		Release|x86 = Release|x86
	EndGlobalSection
	GlobalSection(SolutionProperties) = preSolution
		HideSolutionNode = FALSE
	EndGlobalSection
	GlobalSection(ProjectConfigurationPlatforms) = postSolution
		{26CBC5C4-F978-4468-B979-07D05AA2D373}.Debug|Any CPU.ActiveCfg = Debug|Any CPU
		{26CBC5C4-F978-4468-B979-07D05AA2D373}.Debug|Any CPU.Build.0 = Debug|Any CPU
		{26CBC5C4-F978-4468-B979-07D05AA2D373}.Debug|x64.ActiveCfg = Debug|Any CPU
		{26CBC5C4-F978-4468-B979-07D05AA2D373}.Debug|x64.Build.0 = Debug|Any CPU
		{26CBC5C4-F978-4468-B979-07D05AA2D373}.Debug|x86.ActiveCfg = Debug|Any CPU
		{26CBC5C4-F978-4468-B979-07D05AA2D373}.Debug|x86.Build.0 = Debug|Any CPU
		{26CBC5C4-F978-4468-B979-07D05AA2D373}.Release|Any CPU.ActiveCfg = Release|Any CPU
		{26CBC5C4-F978-4468-B979-07D05AA2D373}.Release|Any CPU.Build.0 = Release|Any CPU
		{26CBC5C4-F978-4468-B979-07D05AA2D373}.Release|x64.ActiveCfg = Release|Any CPU
		{26CBC5C4-F978-4468-B979-07D05AA2D373}.Release|x64.Build.0 = Release|Any CPU
		{26CBC5C4-F978-4468-B979-07D05AA2D373}.Release|x86.ActiveCfg = Release|Any CPU
		{26CBC5C4-F978-4468-B979-07D05AA2D373}.Release|x86.Build.0 = Release|Any CPU
		{E3E83182-DFEF-469C-9FD5-57452179A080}.Debug|Any CPU.ActiveCfg = Debug|Any CPU
		{E3E83182-DFEF-469C-9FD5-57452179A080}.Debug|Any CPU.Build.0 = Debug|Any CPU
		{E3E83182-DFEF-469C-9FD5-57452179A080}.Debug|x64.ActiveCfg = Debug|Any CPU
		{E3E83182-DFEF-469C-9FD5-57452179A080}.Debug|x64.Build.0 = Debug|Any CPU
		{E3E83182-DFEF-469C-9FD5-57452179A080}.Debug|x86.ActiveCfg = Debug|Any CPU
		{E3E83182-DFEF-469C-9FD5-57452179A080}.Debug|x86.Build.0 = Debug|Any CPU
		{E3E83182-DFEF-469C-9FD5-57452179A080}.Release|Any CPU.ActiveCfg = Release|Any CPU
		{E3E83182-DFEF-469C-9FD5-57452179A080}.Release|Any CPU.Build.0 = Release|Any CPU
		{E3E83182-DFEF-469C-9FD5-57452179A080}.Release|x64.ActiveCfg = Release|Any CPU
		{E3E83182-DFEF-469C-9FD5-57452179A080}.Release|x64.Build.0 = Release|Any CPU
		{E3E83182-DFEF-469C-9FD5-57452179A080}.Release|x86.ActiveCfg = Release|Any CPU
		{E3E83182-DFEF-469C-9FD5-57452179A080}.Release|x86.Build.0 = Release|Any CPU
		{219F4F4D-2D62-47D4-A12A-7F799B6D9836}.Debug|Any CPU.ActiveCfg = Debug|Any CPU
		{219F4F4D-2D62-47D4-A12A-7F799B6D9836}.Debug|Any CPU.Build.0 = Debug|Any CPU
		{219F4F4D-2D62-47D4-A12A-7F799B6D9836}.Debug|x64.ActiveCfg = Debug|Any CPU
		{219F4F4D-2D62-47D4-A12A-7F799B6D9836}.Debug|x64.Build.0 = Debug|Any CPU
		{219F4F4D-2D62-47D4-A12A-7F799B6D9836}.Debug|x86.ActiveCfg = Debug|Any CPU
		{219F4F4D-2D62-47D4-A12A-7F799B6D9836}.Debug|x86.Build.0 = Debug|Any CPU
		{219F4F4D-2D62-47D4-A12A-7F799B6D9836}.Release|Any CPU.ActiveCfg = Release|Any CPU
		{219F4F4D-2D62-47D4-A12A-7F799B6D9836}.Release|Any CPU.Build.0 = Release|Any CPU
		{219F4F4D-2D62-47D4-A12A-7F799B6D9836}.Release|x64.ActiveCfg = Release|Any CPU
		{219F4F4D-2D62-47D4-A12A-7F799B6D9836}.Release|x64.Build.0 = Release|Any CPU
		{219F4F4D-2D62-47D4-A12A-7F799B6D9836}.Release|x86.ActiveCfg = Release|Any CPU
		{219F4F4D-2D62-47D4-A12A-7F799B6D9836}.Release|x86.Build.0 = Release|Any CPU
		{6206096A-1FFE-408F-9EB7-058C36192AE7}.Debug|Any CPU.ActiveCfg = Debug|Any CPU
		{6206096A-1FFE-408F-9EB7-058C36192AE7}.Debug|Any CPU.Build.0 = Debug|Any CPU
		{6206096A-1FFE-408F-9EB7-058C36192AE7}.Debug|x64.ActiveCfg = Debug|Any CPU
		{6206096A-1FFE-408F-9EB7-058C36192AE7}.Debug|x64.Build.0 = Debug|Any CPU
		{6206096A-1FFE-408F-9EB7-058C36192AE7}.Debug|x86.ActiveCfg = Debug|Any CPU
		{6206096A-1FFE-408F-9EB7-058C36192AE7}.Debug|x86.Build.0 = Debug|Any CPU
		{6206096A-1FFE-408F-9EB7-058C36192AE7}.Release|Any CPU.ActiveCfg = Release|Any CPU
		{6206096A-1FFE-408F-9EB7-058C36192AE7}.Release|Any CPU.Build.0 = Release|Any CPU
		{6206096A-1FFE-408F-9EB7-058C36192AE7}.Release|x64.ActiveCfg = Release|Any CPU
		{6206096A-1FFE-408F-9EB7-058C36192AE7}.Release|x64.Build.0 = Release|Any CPU
		{6206096A-1FFE-408F-9EB7-058C36192AE7}.Release|x86.ActiveCfg = Release|Any CPU
		{6206096A-1FFE-408F-9EB7-058C36192AE7}.Release|x86.Build.0 = Release|Any CPU
		{A0B1A2A1-556E-4B42-AA11-6BE2AAB4D0FD}.Debug|Any CPU.ActiveCfg = Debug|Any CPU
		{A0B1A2A1-556E-4B42-AA11-6BE2AAB4D0FD}.Debug|Any CPU.Build.0 = Debug|Any CPU
		{A0B1A2A1-556E-4B42-AA11-6BE2AAB4D0FD}.Debug|x64.ActiveCfg = Debug|Any CPU
		{A0B1A2A1-556E-4B42-AA11-6BE2AAB4D0FD}.Debug|x64.Build.0 = Debug|Any CPU
		{A0B1A2A1-556E-4B42-AA11-6BE2AAB4D0FD}.Debug|x86.ActiveCfg = Debug|Any CPU
		{A0B1A2A1-556E-4B42-AA11-6BE2AAB4D0FD}.Debug|x86.Build.0 = Debug|Any CPU
		{A0B1A2A1-556E-4B42-AA11-6BE2AAB4D0FD}.Release|Any CPU.ActiveCfg = Release|Any CPU
		{A0B1A2A1-556E-4B42-AA11-6BE2AAB4D0FD}.Release|Any CPU.Build.0 = Release|Any CPU
		{A0B1A2A1-556E-4B42-AA11-6BE2AAB4D0FD}.Release|x64.ActiveCfg = Release|Any CPU
		{A0B1A2A1-556E-4B42-AA11-6BE2AAB4D0FD}.Release|x64.Build.0 = Release|Any CPU
		{A0B1A2A1-556E-4B42-AA11-6BE2AAB4D0FD}.Release|x86.ActiveCfg = Release|Any CPU
		{A0B1A2A1-556E-4B42-AA11-6BE2AAB4D0FD}.Release|x86.Build.0 = Release|Any CPU
		{92F11653-68F2-4115-BCCD-C4112BDAA511}.Debug|Any CPU.ActiveCfg = Debug|Any CPU
		{92F11653-68F2-4115-BCCD-C4112BDAA511}.Debug|Any CPU.Build.0 = Debug|Any CPU
		{92F11653-68F2-4115-BCCD-C4112BDAA511}.Debug|x64.ActiveCfg = Debug|Any CPU
		{92F11653-68F2-4115-BCCD-C4112BDAA511}.Debug|x64.Build.0 = Debug|Any CPU
		{92F11653-68F2-4115-BCCD-C4112BDAA511}.Debug|x86.ActiveCfg = Debug|Any CPU
		{92F11653-68F2-4115-BCCD-C4112BDAA511}.Debug|x86.Build.0 = Debug|Any CPU
		{92F11653-68F2-4115-BCCD-C4112BDAA511}.Release|Any CPU.ActiveCfg = Release|Any CPU
		{92F11653-68F2-4115-BCCD-C4112BDAA511}.Release|Any CPU.Build.0 = Release|Any CPU
		{92F11653-68F2-4115-BCCD-C4112BDAA511}.Release|x64.ActiveCfg = Release|Any CPU
		{92F11653-68F2-4115-BCCD-C4112BDAA511}.Release|x64.Build.0 = Release|Any CPU
		{92F11653-68F2-4115-BCCD-C4112BDAA511}.Release|x86.ActiveCfg = Release|Any CPU
		{92F11653-68F2-4115-BCCD-C4112BDAA511}.Release|x86.Build.0 = Release|Any CPU
		{0F9757E6-AFB2-4014-AA01-2D2A99E00F1C}.Debug|Any CPU.ActiveCfg = Debug|Any CPU
		{0F9757E6-AFB2-4014-AA01-2D2A99E00F1C}.Debug|Any CPU.Build.0 = Debug|Any CPU
		{0F9757E6-AFB2-4014-AA01-2D2A99E00F1C}.Debug|x64.ActiveCfg = Debug|Any CPU
		{0F9757E6-AFB2-4014-AA01-2D2A99E00F1C}.Debug|x64.Build.0 = Debug|Any CPU
		{0F9757E6-AFB2-4014-AA01-2D2A99E00F1C}.Debug|x86.ActiveCfg = Debug|Any CPU
		{0F9757E6-AFB2-4014-AA01-2D2A99E00F1C}.Debug|x86.Build.0 = Debug|Any CPU
		{0F9757E6-AFB2-4014-AA01-2D2A99E00F1C}.Release|Any CPU.ActiveCfg = Release|Any CPU
		{0F9757E6-AFB2-4014-AA01-2D2A99E00F1C}.Release|Any CPU.Build.0 = Release|Any CPU
		{0F9757E6-AFB2-4014-AA01-2D2A99E00F1C}.Release|x64.ActiveCfg = Release|Any CPU
		{0F9757E6-AFB2-4014-AA01-2D2A99E00F1C}.Release|x64.Build.0 = Release|Any CPU
		{0F9757E6-AFB2-4014-AA01-2D2A99E00F1C}.Release|x86.ActiveCfg = Release|Any CPU
		{0F9757E6-AFB2-4014-AA01-2D2A99E00F1C}.Release|x86.Build.0 = Release|Any CPU
	EndGlobalSection
EndGlobal
