
Microsoft Visual Studio Solution File, Format Version 12.00
# Visual Studio 15
VisualStudioVersion = 15.0.26124.0
MinimumVisualStudioVersion = 15.0.26124.0
Project("{FAE04EC0-301F-11D3-BF4B-00C04F79EFBC}") = "IfExample", "IfExample\IfExample.csproj", "{EAC8502D-DBE1-44C0-AFD8-6DBD5D60CB29}"
EndProject
Project("{FAE04EC0-301F-11D3-BF4B-00C04F79EFBC}") = "Skynet", "Skynet\Skynet.csproj", "{DFB7DA62-34B0-4655-9A97-A6AFA1A4314E}"
EndProject
Project("{FAE04EC0-301F-11D3-BF4B-00C04F79EFBC}") = "BreakContinue", "BreakContinue\BreakContinue.csproj", "{741C26A7-D7AC-4128-A53F-F56777A8E4DC}"
EndProject
Global
	GlobalSection(SolutionConfigurationPlatforms) = preSolution
		Debug|Any CPU = Debug|Any CPU
		Debug|x64 = Debug|x64
		Debug|x86 = Debug|x86
		Release|Any CPU = Release|Any CPU
		Release|x64 = Release|x64
		Release|x86 = Release|x86
	EndGlobalSection
	GlobalSection(SolutionProperties) = preSolution
		HideSolutionNode = FALSE
	EndGlobalSection
	GlobalSection(ProjectConfigurationPlatforms) = postSolution
		{EAC8502D-DBE1-44C0-AFD8-6DBD5D60CB29}.Debug|Any CPU.ActiveCfg = Debug|Any CPU
		{EAC8502D-DBE1-44C0-AFD8-6DBD5D60CB29}.Debug|Any CPU.Build.0 = Debug|Any CPU
		{EAC8502D-DBE1-44C0-AFD8-6DBD5D60CB29}.Debug|x64.ActiveCfg = Debug|Any CPU
		{EAC8502D-DBE1-44C0-AFD8-6DBD5D60CB29}.Debug|x64.Build.0 = Debug|Any CPU
		{EAC8502D-DBE1-44C0-AFD8-6DBD5D60CB29}.Debug|x86.ActiveCfg = Debug|Any CPU
		{EAC8502D-DBE1-44C0-AFD8-6DBD5D60CB29}.Debug|x86.Build.0 = Debug|Any CPU
		{EAC8502D-DBE1-44C0-AFD8-6DBD5D60CB29}.Release|Any CPU.ActiveCfg = Release|Any CPU
		{EAC8502D-DBE1-44C0-AFD8-6DBD5D60CB29}.Release|Any CPU.Build.0 = Release|Any CPU
		{EAC8502D-DBE1-44C0-AFD8-6DBD5D60CB29}.Release|x64.ActiveCfg = Release|Any CPU
		{EAC8502D-DBE1-44C0-AFD8-6DBD5D60CB29}.Release|x64.Build.0 = Release|Any CPU
		{EAC8502D-DBE1-44C0-AFD8-6DBD5D60CB29}.Release|x86.ActiveCfg = Release|Any CPU
		{EAC8502D-DBE1-44C0-AFD8-6DBD5D60CB29}.Release|x86.Build.0 = Release|Any CPU
		{DFB7DA62-34B0-4655-9A97-A6AFA1A4314E}.Debug|Any CPU.ActiveCfg = Debug|Any CPU
		{DFB7DA62-34B0-4655-9A97-A6AFA1A4314E}.Debug|Any CPU.Build.0 = Debug|Any CPU
		{DFB7DA62-34B0-4655-9A97-A6AFA1A4314E}.Debug|x64.ActiveCfg = Debug|Any CPU
		{DFB7DA62-34B0-4655-9A97-A6AFA1A4314E}.Debug|x64.Build.0 = Debug|Any CPU
		{DFB7DA62-34B0-4655-9A97-A6AFA1A4314E}.Debug|x86.ActiveCfg = Debug|Any CPU
		{DFB7DA62-34B0-4655-9A97-A6AFA1A4314E}.Debug|x86.Build.0 = Debug|Any CPU
		{DFB7DA62-34B0-4655-9A97-A6AFA1A4314E}.Release|Any CPU.ActiveCfg = Release|Any CPU
		{DFB7DA62-34B0-4655-9A97-A6AFA1A4314E}.Release|Any CPU.Build.0 = Release|Any CPU
		{DFB7DA62-34B0-4655-9A97-A6AFA1A4314E}.Release|x64.ActiveCfg = Release|Any CPU
		{DFB7DA62-34B0-4655-9A97-A6AFA1A4314E}.Release|x64.Build.0 = Release|Any CPU
		{DFB7DA62-34B0-4655-9A97-A6AFA1A4314E}.Release|x86.ActiveCfg = Release|Any CPU
		{DFB7DA62-34B0-4655-9A97-A6AFA1A4314E}.Release|x86.Build.0 = Release|Any CPU
		{741C26A7-D7AC-4128-A53F-F56777A8E4DC}.Debug|Any CPU.ActiveCfg = Debug|Any CPU
		{741C26A7-D7AC-4128-A53F-F56777A8E4DC}.Debug|Any CPU.Build.0 = Debug|Any CPU
		{741C26A7-D7AC-4128-A53F-F56777A8E4DC}.Debug|x64.ActiveCfg = Debug|Any CPU
		{741C26A7-D7AC-4128-A53F-F56777A8E4DC}.Debug|x64.Build.0 = Debug|Any CPU
		{741C26A7-D7AC-4128-A53F-F56777A8E4DC}.Debug|x86.ActiveCfg = Debug|Any CPU
		{741C26A7-D7AC-4128-A53F-F56777A8E4DC}.Debug|x86.Build.0 = Debug|Any CPU
		{741C26A7-D7AC-4128-A53F-F56777A8E4DC}.Release|Any CPU.ActiveCfg = Release|Any CPU
		{741C26A7-D7AC-4128-A53F-F56777A8E4DC}.Release|Any CPU.Build.0 = Release|Any CPU
		{741C26A7-D7AC-4128-A53F-F56777A8E4DC}.Release|x64.ActiveCfg = Release|Any CPU
		{741C26A7-D7AC-4128-A53F-F56777A8E4DC}.Release|x64.Build.0 = Release|Any CPU
		{741C26A7-D7AC-4128-A53F-F56777A8E4DC}.Release|x86.ActiveCfg = Release|Any CPU
		{741C26A7-D7AC-4128-A53F-F56777A8E4DC}.Release|x86.Build.0 = Release|Any CPU
	EndGlobalSection
EndGlobal
